{
    "_meta": {
        "hash": {
            "sha256": "2e0adfebe2528e2744f9862e547ed91d2e92afa5fd7a4800777cc5cfd76ae608"
        },
        "pipfile-spec": 6,
        "requires": {
            "python_version": "3.9"
        },
        "sources": [
            {
                "name": "pypi",
                "url": "https://pypi.org/simple",
                "verify_ssl": true
            }
        ]
    },
    "default": {
        "attrs": {
            "hashes": [
                "sha256:2d27e3784d7a565d36ab851fe94887c5eccd6a463168875832a1be79c82828b4",
                "sha256:626ba8234211db98e869df76230a137c4c40a12d72445c45d5f5b716f076e2fd"
            ],
            "markers": "python_version >= '2.7' and python_version not in '3.0, 3.1, 3.2, 3.3, 3.4'",
            "version": "==21.4.0"
        },
        "cmd2": {
            "hashes": [
                "sha256:090909ab6c8ecee40813cec759e61dd6e70c8227a1a8e96082f5f2b0d394bc77",
                "sha256:6fe6d46099edaf4a99163c191aeb4babfd7e4dfbac6009f423ecc8370895b58f"
            ],
            "markers": "python_version >= '3.6'",
            "version": "==2.4.0"
        },
        "mypackage": {
            "hashes": [
                "sha256:abb5f969061f0eabd4dbcaa5ba54933cd6c5160b90eef6dd4510c2940ab6a70b"
            ],
            "index": "pypi",
            "version": "==0.1"
        },
        "pyperclip": {
            "hashes": [
                "sha256:105254a8b04934f0bc84e9c24eb360a591aaf6535c9def5f29d92af107a9bf57"
            ],
            "version": "==1.8.2"
        },
        "pyreadline3": {
            "hashes": [
                "sha256:6f3d1f7b8a31ba32b73917cefc1f28cc660562f39aea8646d30bd6eff21f7bae",
                "sha256:b0efb6516fd4fb07b45949053826a62fa4cb353db5be2bbb4a7aa1fdd1e345fb"
            ],
            "markers": "sys_platform == 'win32'",
            "version": "==3.4.1"
        },
        "wcwidth": {
            "hashes": [
                "sha256:beb4802a9cebb9144e99086eff703a642a13d6a0052920003a230f3294bbe784",
                "sha256:c4d647b99872929fdb7bdcaa4fbe7f01413ed3d98077df798530e5b04f116c83"
            ],
            "version": "==0.2.5"
        }
    },
    "develop": {}
}
